# Generated by record.sh — do not edit. Fingerprint of every input that
# shaped the committed walkthrough GIFs; sync_test.go fails when these
# drift. Re-record with: bash e2e/video/record.sh
# tw_version: v2.1.0-3-g436c0db-dirty
# recorded: 2026-08-21
4617533f089d950a14a03d886bc498eed194ff32b1e2de7ded1ea0f518f6d578  record.sh
6e1cf7991881a894b391c117962c906805068da1714a7d164e9603f464420ed6  caption.sh
a7a89ea95fe6b5feba0fcef38216036e22271c2ad2f2d11cfa5ddc3eeebed8c5  title.txt
232a751b6114d386e35bf4f66c2c0596fdb4908c61e1a8a8ef9f616887a858c7  gate-enroll2.sh
d025b07f3edfd4ba3a6f69da7d2891113fdcd77c09155e75c724cdf42eb027d5  gate-relay-warm.sh
a5232467cfac82f184e5bc1b0cc98df0a082007e50048ceddad41ad87b887f8d  gate-users2.sh
512b9a273e607fbec45b5218e2095f8a0aca5826f447f3b32c6195fca1b4ed5e  parts/01-relay.tape
e23ef41685ceaada10e42e8280a9ca0e0aae832931f662ff507efdd3b909009c  parts/02-server1.tape
66369316db160b6bdca458be101d97b456b1e7ed1e7903f50bfbc6c557629665  parts/03-server2.tape
00a17d5a3601dae7aeb39d9406fa161484d005eae986088e495ad55bab3ba694  parts/04-users.tape
5af38c85017f00c81428b8aa6b933951278f3bcc147717a2e2848ff7ee60eb06  parts/05-client.tape
892285fe1a7f7a203454fe97344cadc66517257e19833630aa59dbece74b90f4  parts/06-outro.tape
